# This file is automatically @generated by Cargo.
# It is not intended for manual editing.
version = 3

[[package]]
name = "arbitrary"
version = "1.2.0"
source = "registry+https://github.com/rust-lang/crates.io-index"
checksum = "29d47fbf90d5149a107494b15a7dc8d69b351be2db3bb9691740e88ec17fd880"

[[package]]
name = "cc"
version = "1.0.77"
source = "registry+https://github.com/rust-lang/crates.io-index"
checksum = "e9f73505338f7d905b19d18738976aae232eb46b8efc15554ffc56deb5d9ebe4"
dependencies = [
 "jobserver",
]

[[package]]
name = "jobserver"
version = "0.1.25"
source = "registry+https://github.com/rust-lang/crates.io-index"
checksum = "068b1ee6743e4d11fb9c6a1e6064b3693a1b600e7f5f5988047d98b3dc9fb90b"
dependencies = [
 "libc",
]

[[package]]
name = "libc"
version = "0.2.137"
source = "registry+https://github.com/rust-lang/crates.io-index"
checksum = "fc7fcc620a3bff7cdd7a365be3376c97191aeaccc2a603e600951e452615bf89"

[[package]]
name = "libfuzzer-sys"
version = "0.4.5"
source = "registry+https://github.com/rust-lang/crates.io-index"
checksum = "c8fff891139ee62800da71b7fd5b508d570b9ad95e614a53c6f453ca08366038"
dependencies = [
 "arbitrary",
 "cc",
 "once_cell",
]

[[package]]
name = "once_cell"
version = "1.16.0"
source = "registry+https://github.com/rust-lang/crates.io-index"
checksum = "86f0b0d4bf799edbc74508c1e8bf170ff5f41238e5f8225603ca7caaae2b7860"

[[package]]
name = "zune-core"
version = "0.4.12"

[[package]]
name = "zune-psd"
version = "0.4.0"
dependencies = [
 "zune-core",
]

[[package]]
name = "zune-psd-fuzz"
version = "0.0.0"
dependencies = [
 "libfuzzer-sys",
 "zune-psd",
]
